// !$*UTF8*$!
{
	archiveVersion = 1;
	classes = {
	};
	objectVersion = 46;
	objects = {

/* Begin PBXBuildFile section */
		D67E301E1D37FC7D00C931F6 /* AppDelegate.swift in Sources */ = {isa = PBXBuildFile; fileRef = D67E301D1D37FC7D00C931F6 /* AppDelegate.swift */; };
		D67E30201D37FC7D00C931F6 /* GameScene.sks in Resources */ = {isa = PBXBuildFile; fileRef = D67E301F1D37FC7D00C931F6 /* GameScene.sks */; };
		D67E30221D37FC7D00C931F6 /* GameScene.swift in Sources */ = {isa = PBXBuildFile; fileRef = D67E30211D37FC7D00C931F6 /* GameScene.swift */; };
		D67E30241D37FC7D00C931F6 /* GameViewController.swift in Sources */ = {isa = PBXBuildFile; fileRef = D67E30231D37FC7D00C931F6 /* GameViewController.swift */; };
		D67E30271D37FC7D00C931F6 /* Main.storyboard in Resources */ = {isa = PBXBuildFile; fileRef = D67E30251D37FC7D00C931F6 /* Main.storyboard */; };
		D67E30291D37FC7D00C931F6 /* Assets.xcassets in Resources */ = {isa = PBXBuildFile; fileRef = D67E30281D37FC7D00C931F6 /* Assets.xcassets */; };
		D67E302C1D37FC7D00C931F6 /* LaunchScreen.storyboard in Resources */ = {isa = PBXBuildFile; fileRef = D67E302A1D37FC7D00C931F6 /* LaunchScreen.storyboard */; };
		D67E30371D37FC7D00C931F6 /* SubSceneTests.swift in Sources */ = {isa = PBXBuildFile; fileRef = D67E30361D37FC7D00C931F6 /* SubSceneTests.swift */; };
		D67E30421D37FC7D00C931F6 /* SubSceneUITests.swift in Sources */ = {isa = PBXBuildFile; fileRef = D67E30411D37FC7D00C931F6 /* SubSceneUITests.swift */; };
		D67E30501D37FC9200C931F6 /* AScene.sks in Resources */ = {isa = PBXBuildFile; fileRef = D67E304F1D37FC9200C931F6 /* AScene.sks */; };
/* End PBXBuildFile section */

/* Begin PBXContainerItemProxy section */
		D67E30331D37FC7D00C931F6 /* PBXContainerItemProxy */ = {
			isa = PBXContainerItemProxy;
			containerPortal = D67E30121D37FC7D00C931F6 /* Project object */;
			proxyType = 1;
			remoteGlobalIDString = D67E30191D37FC7D00C931F6;
			remoteInfo = SubScene;
		};
		D67E303E1D37FC7D00C931F6 /* PBXContainerItemProxy */ = {
			isa = PBXContainerItemProxy;
			containerPortal = D67E30121D37FC7D00C931F6 /* Project object */;
			proxyType = 1;
			remoteGlobalIDString = D67E30191D37FC7D00C931F6;
			remoteInfo = SubScene;
		};
/* End PBXContainerItemProxy section */

/* Begin PBXFileReference section */
		D67E301A1D37FC7D00C931F6 /* SubScene.app */ = {isa = PBXFileReference; explicitFileType = wrapper.application; includeInIndex = 0; path = SubScene.app; sourceTree = BUILT_PRODUCTS_DIR; };
		D67E301D1D37FC7D00C931F6 /* AppDelegate.swift */ = {isa = PBXFileReference; lastKnownFileType = sourcecode.swift; path = AppDelegate.swift; sourceTree = "<group>"; };
		D67E301F1D37FC7D00C931F6 /* GameScene.sks */ = {isa = PBXFileReference; lastKnownFileType = file.sks; path = GameScene.sks; sourceTree = "<group>"; };
		D67E30211D37FC7D00C931F6 /* GameScene.swift */ = {isa = PBXFileReference; lastKnownFileType = sourcecode.swift; path = GameScene.swift; sourceTree = "<group>"; };
		D67E30231D37FC7D00C931F6 /* GameViewController.swift */ = {isa = PBXFileReference; lastKnownFileType = sourcecode.swift; path = GameViewController.swift; sourceTree = "<group>"; };
		D67E30261D37FC7D00C931F6 /* Base */ = {isa = PBXFileReference; lastKnownFileType = file.storyboard; name = Base; path = Base.lproj/Main.storyboard; sourceTree = "<group>"; };
		D67E30281D37FC7D00C931F6 /* Assets.xcassets */ = {isa = PBXFileReference; lastKnownFileType = folder.assetcatalog; path = Assets.xcassets; sourceTree = "<group>"; };
		D67E302B1D37FC7D00C931F6 /* Base */ = {isa = PBXFileReference; lastKnownFileType = file.storyboard; name = Base; path = Base.lproj/LaunchScreen.storyboard; sourceTree = "<group>"; };
		D67E302D1D37FC7D00C931F6 /* Info.plist */ = {isa = PBXFileReference; lastKnownFileType = text.plist.xml; path = Info.plist; sourceTree = "<group>"; };
		D67E30321D37FC7D00C931F6 /* SubSceneTests.xctest */ = {isa = PBXFileReference; explicitFileType = wrapper.cfbundle; includeInIndex = 0; path = SubSceneTests.xctest; sourceTree = BUILT_PRODUCTS_DIR; };
		D67E30361D37FC7D00C931F6 /* SubSceneTests.swift */ = {isa = PBXFileReference; lastKnownFileType = sourcecode.swift; path = SubSceneTests.swift; sourceTree = "<group>"; };
		D67E30381D37FC7D00C931F6 /* Info.plist */ = {isa = PBXFileReference; lastKnownFileType = text.plist.xml; path = Info.plist; sourceTree = "<group>"; };
		D67E303D1D37FC7D00C931F6 /* SubSceneUITests.xctest */ = {isa = PBXFileReference; explicitFileType = wrapper.cfbundle; includeInIndex = 0; path = SubSceneUITests.xctest; sourceTree = BUILT_PRODUCTS_DIR; };
		D67E30411D37FC7D00C931F6 /* SubSceneUITests.swift */ = {isa = PBXFileReference; lastKnownFileType = sourcecode.swift; path = SubSceneUITests.swift; sourceTree = "<group>"; };
		D67E30431D37FC7D00C931F6 /* Info.plist */ = {isa = PBXFileReference; lastKnownFileType = text.plist.xml; path = Info.plist; sourceTree = "<group>"; };
		D67E304F1D37FC9200C931F6 /* AScene.sks */ = {isa = PBXFileReference; lastKnownFileType = file.sks; path = AScene.sks; sourceTree = "<group>"; };
/* End PBXFileReference section */

/* Begin PBXFrameworksBuildPhase section */
		D67E30171D37FC7D00C931F6 /* Frameworks */ = {
			isa = PBXFrameworksBuildPhase;
			buildActionMask = 2147483647;
			files = (
			);
			runOnlyForDeploymentPostprocessing = 0;
		};
		D67E302F1D37FC7D00C931F6 /* Frameworks */ = {
			isa = PBXFrameworksBuildPhase;
			buildActionMask = 2147483647;
			files = (
			);
			runOnlyForDeploymentPostprocessing = 0;
		};
		D67E303A1D37FC7D00C931F6 /* Frameworks */ = {
			isa = PBXFrameworksBuildPhase;
			buildActionMask = 2147483647;
			files = (
			);
			runOnlyForDeploymentPostprocessing = 0;
		};
/* End PBXFrameworksBuildPhase section */

/* Begin PBXGroup section */
		D67E30111D37FC7D00C931F6 = {
			isa = PBXGroup;
			children = (
				D67E301C1D37FC7D00C931F6 /* SubScene */,
				D67E30351D37FC7D00C931F6 /* SubSceneTests */,
				D67E30401D37FC7D00C931F6 /* SubSceneUITests */,
				D67E301B1D37FC7D00C931F6 /* Products */,
			);
			sourceTree = "<group>";
		};
		D67E301B1D37FC7D00C931F6 /* Products */ = {
			isa = PBXGroup;
			children = (
				D67E301A1D37FC7D00C931F6 /* SubScene.app */,
				D67E30321D37FC7D00C931F6 /* SubSceneTests.xctest */,
				D67E303D1D37FC7D00C931F6 /* SubSceneUITests.xctest */,
			);
			name = Products;
			sourceTree = "<group>";
		};
		D67E301C1D37FC7D00C931F6 /* SubScene */ = {
			isa = PBXGroup;
			children = (
				D67E301D1D37FC7D00C931F6 /* AppDelegate.swift */,
				D67E301F1D37FC7D00C931F6 /* GameScene.sks */,
				D67E30211D37FC7D00C931F6 /* GameScene.swift */,
				D67E30231D37FC7D00C931F6 /* GameViewController.swift */,
				D67E30251D37FC7D00C931F6 /* Main.storyboard */,
				D67E30281D37FC7D00C931F6 /* Assets.xcassets */,
				D67E302A1D37FC7D00C931F6 /* LaunchScreen.storyboard */,
				D67E302D1D37FC7D00C931F6 /* Info.plist */,
				D67E304F1D37FC9200C931F6 /* AScene.sks */,
			);
			path = SubScene;
			sourceTree = "<group>";
		};
		D67E30351D37FC7D00C931F6 /* SubSceneTests */ = {
			isa = PBXGroup;
			children = (
				D67E30361D37FC7D00C931F6 /* SubSceneTests.swift */,
				D67E30381D37FC7D00C931F6 /* Info.plist */,
			);
			path = SubSceneTests;
			sourceTree = "<group>";
		};
		D67E30401D37FC7D00C931F6 /* SubSceneUITests */ = {
			isa = PBXGroup;
			children = (
				D67E30411D37FC7D00C931F6 /* SubSceneUITests.swift */,
				D67E30431D37FC7D00C931F6 /* Info.plist */,
			);
			path = SubSceneUITests;
			sourceTree = "<group>";
		};
/* End PBXGroup section */

/* Begin PBXNativeTarget section */
		D67E30191D37FC7D00C931F6 /* SubScene */ = {
			isa = PBXNativeTarget;
			buildConfigurationList = D67E30461D37FC7D00C931F6 /* Build configuration list for PBXNativeTarget "SubScene" */;
			buildPhases = (
				D67E30161D37FC7D00C931F6 /* Sources */,
				D67E30171D37FC7D00C931F6 /* Frameworks */,
				D67E30181D37FC7D00C931F6 /* Resources */,
			);
			buildRules = (
			);
			dependencies = (
			);
			name = SubScene;
			productName = SubScene;
			productReference = D67E301A1D37FC7D00C931F6 /* SubScene.app */;
			productType = "com.apple.product-type.application";
		};
		D67E30311D37FC7D00C931F6 /* SubSceneTests */ = {
			isa = PBXNativeTarget;
			buildConfigurationList = D67E30491D37FC7D00C931F6 /* Build configuration list for PBXNativeTarget "SubSceneTests" */;
			buildPhases = (
				D67E302E1D37FC7D00C931F6 /* Sources */,
				D67E302F1D37FC7D00C931F6 /* Frameworks */,
				D67E30301D37FC7D00C931F6 /* Resources */,
			);
			buildRules = (
			);
			dependencies = (
				D67E30341D37FC7D00C931F6 /* PBXTargetDependency */,
			);
			name = SubSceneTests;
			productName = SubSceneTests;
			productReference = D67E30321D37FC7D00C931F6 /* SubSceneTests.xctest */;
			productType = "com.apple.product-type.bundle.unit-test";
		};
		D67E303C1D37FC7D00C931F6 /* SubSceneUITests */ = {
			isa = PBXNativeTarget;
			buildConfigurationList = D67E304C1D37FC7D00C931F6 /* Build configuration list for PBXNativeTarget "SubSceneUITests" */;
			buildPhases = (
				D67E30391D37FC7D00C931F6 /* Sources */,
				D67E303A1D37FC7D00C931F6 /* Frameworks */,
				D67E303B1D37FC7D00C931F6 /* Resources */,
			);
			buildRules = (
			);
			dependencies = (
				D67E303F1D37FC7D00C931F6 /* PBXTargetDependency */,
			);
			name = SubSceneUITests;
			productName = SubSceneUITests;
			productReference = D67E303D1D37FC7D00C931F6 /* SubSceneUITests.xctest */;
			productType = "com.apple.product-type.bundle.ui-testing";
		};
/* End PBXNativeTarget section */

/* Begin PBXProject section */
		D67E30121D37FC7D00C931F6 /* Project object */ = {
			isa = PBXProject;
			attributes = {
				LastSwiftUpdateCheck = 0730;
				LastUpgradeCheck = 0730;
				ORGANIZATIONNAME = "Stephen Brennan";
				TargetAttributes = {
					D67E30191D37FC7D00C931F6 = {
						CreatedOnToolsVersion = 7.3.1;
					};
					D67E30311D37FC7D00C931F6 = {
						CreatedOnToolsVersion = 7.3.1;
						TestTargetID = D67E30191D37FC7D00C931F6;
					};
					D67E303C1D37FC7D00C931F6 = {
						CreatedOnToolsVersion = 7.3.1;
						TestTargetID = D67E30191D37FC7D00C931F6;
					};
				};
			};
			buildConfigurationList = D67E30151D37FC7D00C931F6 /* Build configuration list for PBXProject "SubScene" */;
			compatibilityVersion = "Xcode 3.2";
			developmentRegion = English;
			hasScannedForEncodings = 0;
			knownRegions = (
				en,
				Base,
			);
			mainGroup = D67E30111D37FC7D00C931F6;
			productRefGroup = D67E301B1D37FC7D00C931F6 /* Products */;
			projectDirPath = "";
			projectRoot = "";
			targets = (
				D67E30191D37FC7D00C931F6 /* SubScene */,
				D67E30311D37FC7D00C931F6 /* SubSceneTests */,
				D67E303C1D37FC7D00C931F6 /* SubSceneUITests */,
			);
		};
/* End PBXProject section */

/* Begin PBXResourcesBuildPhase section */
		D67E30181D37FC7D00C931F6 /* Resources */ = {
			isa = PBXResourcesBuildPhase;
			buildActionMask = 2147483647;
			files = (
				D67E30201D37FC7D00C931F6 /* GameScene.sks in Resources */,
				D67E302C1D37FC7D00C931F6 /* LaunchScreen.storyboard in Resources */,
				D67E30501D37FC9200C931F6 /* AScene.sks in Resources */,
				D67E30291D37FC7D00C931F6 /* Assets.xcassets in Resources */,
				D67E30271D37FC7D00C931F6 /* Main.storyboard in Resources */,
			);
			runOnlyForDeploymentPostprocessing = 0;
		};
		D67E30301D37FC7D00C931F6 /* Resources */ = {
			isa = PBXResourcesBuildPhase;
			buildActionMask = 2147483647;
			files = (
			);
			runOnlyForDeploymentPostprocessing = 0;
		};
		D67E303B1D37FC7D00C931F6 /* Resources */ = {
			isa = PBXResourcesBuildPhase;
			buildActionMask = 2147483647;
			files = (
			);
			runOnlyForDeploymentPostprocessing = 0;
		};
/* End PBXResourcesBuildPhase section */

/* Begin PBXSourcesBuildPhase section */
		D67E30161D37FC7D00C931F6 /* Sources */ = {
			isa = PBXSourcesBuildPhase;
			buildActionMask = 2147483647;
			files = (
				D67E30221D37FC7D00C931F6 /* GameScene.swift in Sources */,
				D67E30241D37FC7D00C931F6 /* GameViewController.swift in Sources */,
				D67E301E1D37FC7D00C931F6 /* AppDelegate.swift in Sources */,
			);
			runOnlyForDeploymentPostprocessing = 0;
		};
		D67E302E1D37FC7D00C931F6 /* Sources */ = {
			isa = PBXSourcesBuildPhase;
			buildActionMask = 2147483647;
			files = (
				D67E30371D37FC7D00C931F6 /* SubSceneTests.swift in Sources */,
			);
			runOnlyForDeploymentPostprocessing = 0;
		};
		D67E30391D37FC7D00C931F6 /* Sources */ = {
			isa = PBXSourcesBuildPhase;
			buildActionMask = 2147483647;
			files = (
				D67E30421D37FC7D00C931F6 /* SubSceneUITests.swift in Sources */,
			);
			runOnlyForDeploymentPostprocessing = 0;
		};
/* End PBXSourcesBuildPhase section */

/* Begin PBXTargetDependency section */
		D67E30341D37FC7D00C931F6 /* PBXTargetDependency */ = {
			isa = PBXTargetDependency;
			target = D67E30191D37FC7D00C931F6 /* SubScene */;
			targetProxy = D67E30331D37FC7D00C931F6 /* PBXContainerItemProxy */;
		};
		D67E303F1D37FC7D00C931F6 /* PBXTargetDependency */ = {
			isa = PBXTargetDependency;
			target = D67E30191D37FC7D00C931F6 /* SubScene */;
			targetProxy = D67E303E1D37FC7D00C931F6 /* PBXContainerItemProxy */;
		};
/* End PBXTargetDependency section */

/* Begin PBXVariantGroup section */
		D67E30251D37FC7D00C931F6 /* Main.storyboard */ = {
			isa = PBXVariantGroup;
			children = (
				D67E30261D37FC7D00C931F6 /* Base */,
			);
			name = Main.storyboard;
			sourceTree = "<group>";
		};
		D67E302A1D37FC7D00C931F6 /* LaunchScreen.storyboard */ = {
			isa = PBXVariantGroup;
			children = (
				D67E302B1D37FC7D00C931F6 /* Base */,
			);
			name = LaunchScreen.storyboard;
			sourceTree = "<group>";
		};
/* End PBXVariantGroup section */

/* Begin XCBuildConfiguration section */
		D67E30441D37FC7D00C931F6 /* Debug */ = {
			isa = XCBuildConfiguration;
			buildSettings = {
				ALWAYS_SEARCH_USER_PATHS = NO;
				CLANG_ANALYZER_NONNULL = YES;
				CLANG_CXX_LANGUAGE_STANDARD = "gnu++0x";
				CLANG_CXX_LIBRARY = "libc++";
				CLANG_ENABLE_MODULES = YES;
				CLANG_ENABLE_OBJC_ARC = YES;
				CLANG_WARN_BOOL_CONVERSION = YES;
				CLANG_WARN_CONSTANT_CONVERSION = YES;
				CLANG_WARN_DIRECT_OBJC_ISA_USAGE = YES_ERROR;
				CLANG_WARN_EMPTY_BODY = YES;
				CLANG_WARN_ENUM_CONVERSION = YES;
				CLANG_WARN_INT_CONVERSION = YES;
				CLANG_WARN_OBJC_ROOT_CLASS = YES_ERROR;
				CLANG_WARN_UNREACHABLE_CODE = YES;
				CLANG_WARN__DUPLICATE_METHOD_MATCH = YES;
				"CODE_SIGN_IDENTITY[sdk=iphoneos*]" = "iPhone Developer";
				COPY_PHASE_STRIP = NO;
				DEBUG_INFORMATION_FORMAT = "dwarf-with-dsym";
				ENABLE_STRICT_OBJC_MSGSEND = YES;
				ENABLE_TESTABILITY = YES;
				GCC_C_LANGUAGE_STANDARD = gnu99;
				GCC_DYNAMIC_NO_PIC = NO;
				GCC_NO_COMMON_BLOCKS = YES;
				GCC_OPTIMIZATION_LEVEL = 0;
				GCC_PREPROCESSOR_DEFINITIONS = (
					"DEBUG=1",
					"$(inherited)",
				);
				GCC_WARN_64_TO_32_BIT_CONVERSION = YES;
				GCC_WARN_ABOUT_RETURN_TYPE = YES_ERROR;
				GCC_WARN_UNDECLARED_SELECTOR = YES;
				GCC_WARN_UNINITIALIZED_AUTOS = YES_AGGRESSIVE;
				GCC_WARN_UNUSED_FUNCTION = YES;
				GCC_WARN_UNUSED_VARIABLE = YES;
				IPHONEOS_DEPLOYMENT_TARGET = 9.3;
				MTL_ENABLE_DEBUG_INFO = YES;
				ONLY_ACTIVE_ARCH = YES;
				SDKROOT = iphoneos;
				SWIFT_OPTIMIZATION_LEVEL = "-Onone";
				TARGETED_DEVICE_FAMILY = "1,2";
			};
			name = Debug;
		};
		D67E30451D37FC7D00C931F6 /* Release */ = {
			isa = XCBuildConfiguration;
			buildSettings = {
				ALWAYS_SEARCH_USER_PATHS = NO;
				CLANG_ANALYZER_NONNULL = YES;
				CLANG_CXX_LANGUAGE_STANDARD = "gnu++0x";
				CLANG_CXX_LIBRARY = "libc++";
				CLANG_ENABLE_MODULES = YES;
				CLANG_ENABLE_OBJC_ARC = YES;
				CLANG_WARN_BOOL_CONVERSION = YES;
				CLANG_WARN_CONSTANT_CONVERSION = YES;
				CLANG_WARN_DIRECT_OBJC_ISA_USAGE = YES_ERROR;
				CLANG_WARN_EMPTY_BODY = YES;
				CLANG_WARN_ENUM_CONVERSION = YES;
				CLANG_WARN_INT_CONVERSION = YES;
				CLANG_WARN_OBJC_ROOT_CLASS = YES_ERROR;
				CLANG_WARN_UNREACHABLE_CODE = YES;
				CLANG_WARN__DUPLICATE_METHOD_MATCH = YES;
				"CODE_SIGN_IDENTITY[sdk=iphoneos*]" = "iPhone Developer";
				COPY_PHASE_STRIP = NO;
				DEBUG_INFORMATION_FORMAT = "dwarf-with-dsym";
				ENABLE_NS_ASSERTIONS = NO;
				ENABLE_STRICT_OBJC_MSGSEND = YES;
				GCC_C_LANGUAGE_STANDARD = gnu99;
				GCC_NO_COMMON_BLOCKS = YES;
				GCC_WARN_64_TO_32_BIT_CONVERSION = YES;
				GCC_WARN_ABOUT_RETURN_TYPE = YES_ERROR;
				GCC_WARN_UNDECLARED_SELECTOR = YES;
				GCC_WARN_UNINITIALIZED_AUTOS = YES_AGGRESSIVE;
				GCC_WARN_UNUSED_FUNCTION = YES;
				GCC_WARN_UNUSED_VARIABLE = YES;
				IPHONEOS_DEPLOYMENT_TARGET = 9.3;
				MTL_ENABLE_DEBUG_INFO = NO;
				SDKROOT = iphoneos;
				TARGETED_DEVICE_FAMILY = "1,2";
				VALIDATE_PRODUCT = YES;
			};
			name = Release;
		};
		D67E30471D37FC7D00C931F6 /* Debug */ = {
			isa = XCBuildConfiguration;
			buildSettings = {
				ASSETCATALOG_COMPILER_APPICON_NAME = AppIcon;
				INFOPLIST_FILE = SubScene/Info.plist;
				LD_RUNPATH_SEARCH_PATHS = "$(inherited) @executable_path/Frameworks";
				PRODUCT_BUNDLE_IDENTIFIER = esscbee.SubScene;
				PRODUCT_NAME = "$(TARGET_NAME)";
			};
			name = Debug;
		};
		D67E30481D37FC7D00C931F6 /* Release */ = {
			isa = XCBuildConfiguration;
			buildSettings = {
				ASSETCATALOG_COMPILER_APPICON_NAME = AppIcon;
				INFOPLIST_FILE = SubScene/Info.plist;
				LD_RUNPATH_SEARCH_PATHS = "$(inherited) @executable_path/Frameworks";
				PRODUCT_BUNDLE_IDENTIFIER = esscbee.SubScene;
				PRODUCT_NAME = "$(TARGET_NAME)";
			};
			name = Release;
		};
		D67E304A1D37FC7D00C931F6 /* Debug */ = {
			isa = XCBuildConfiguration;
			buildSettings = {
				BUNDLE_LOADER = "$(TEST_HOST)";
				DEBUG_INFORMATION_FORMAT = dwarf;
				INFOPLIST_FILE = SubSceneTests/Info.plist;
				LD_RUNPATH_SEARCH_PATHS = "$(inherited) @executable_path/Frameworks @loader_path/Frameworks";
				PRODUCT_BUNDLE_IDENTIFIER = esscbee.SubSceneTests;
				PRODUCT_NAME = "$(TARGET_NAME)";
				TEST_HOST = "$(BUILT_PRODUCTS_DIR)/SubScene.app/SubScene";
			};
			name = Debug;
		};
		D67E304B1D37FC7D00C931F6 /* Release */ = {
			isa = XCBuildConfiguration;
			buildSettings = {
				BUNDLE_LOADER = "$(TEST_HOST)";
				INFOPLIST_FILE = SubSceneTests/Info.plist;
				LD_RUNPATH_SEARCH_PATHS = "$(inherited) @executable_path/Frameworks @loader_path/Frameworks";
				PRODUCT_BUNDLE_IDENTIFIER = esscbee.SubSceneTests;
				PRODUCT_NAME = "$(TARGET_NAME)";
				TEST_HOST = "$(BUILT_PRODUCTS_DIR)/SubScene.app/SubScene";
			};
			name = Release;
		};
		D67E304D1D37FC7D00C931F6 /* Debug */ = {
			isa = XCBuildConfiguration;
			buildSettings = {
				DEBUG_INFORMATION_FORMAT = dwarf;
				INFOPLIST_FILE = SubSceneUITests/Info.plist;
				LD_RUNPATH_SEARCH_PATHS = "$(inherited) @executable_path/Frameworks @loader_path/Frameworks";
				PRODUCT_BUNDLE_IDENTIFIER = esscbee.SubSceneUITests;
				PRODUCT_NAME = "$(TARGET_NAME)";
				TEST_TARGET_NAME = SubScene;
			};
			name = Debug;
		};
		D67E304E1D37FC7D00C931F6 /* Release */ = {
			isa = XCBuildConfiguration;
			buildSettings = {
				INFOPLIST_FILE = SubSceneUITests/Info.plist;
				LD_RUNPATH_SEARCH_PATHS = "$(inherited) @executable_path/Frameworks @loader_path/Frameworks";
				PRODUCT_BUNDLE_IDENTIFIER = esscbee.SubSceneUITests;
				PRODUCT_NAME = "$(TARGET_NAME)";
				TEST_TARGET_NAME = SubScene;
			};
			name = Release;
		};
/* End XCBuildConfiguration section */

/* Begin XCConfigurationList section */
		D67E30151D37FC7D00C931F6 /* Build configuration list for PBXProject "SubScene" */ = {
			isa = XCConfigurationList;
			buildConfigurations = (
				D67E30441D37FC7D00C931F6 /* Debug */,
				D67E30451D37FC7D00C931F6 /* Release */,
			);
			defaultConfigurationIsVisible = 0;
			defaultConfigurationName = Release;
		};
		D67E30461D37FC7D00C931F6 /* Build configuration list for PBXNativeTarget "SubScene" */ = {
			isa = XCConfigurationList;
			buildConfigurations = (
				D67E30471D37FC7D00C931F6 /* Debug */,
				D67E30481D37FC7D00C931F6 /* Release */,
			);
			defaultConfigurationIsVisible = 0;
		};
		D67E30491D37FC7D00C931F6 /* Build configuration list for PBXNativeTarget "SubSceneTests" */ = {
			isa = XCConfigurationList;
			buildConfigurations = (
				D67E304A1D37FC7D00C931F6 /* Debug */,
				D67E304B1D37FC7D00C931F6 /* Release */,
			);
			defaultConfigurationIsVisible = 0;
		};
		D67E304C1D37FC7D00C931F6 /* Build configuration list for PBXNativeTarget "SubSceneUITests" */ = {
			isa = XCConfigurationList;
			buildConfigurations = (
				D67E304D1D37FC7D00C931F6 /* Debug */,
				D67E304E1D37FC7D00C931F6 /* Release */,
			);
			defaultConfigurationIsVisible = 0;
		};
/* End XCConfigurationList section */
	};
	rootObject = D67E30121D37FC7D00C931F6 /* Project object */;
}
